
Microsoft Visual Studio Solution File, Format Version 12.00
# Visual Studio 15
VisualStudioVersion = 15.0.26124.0
MinimumVisualStudioVersion = 15.0.26124.0
Project("{FAE04EC0-301F-11D3-BF4B-00C04F79EFBC}") = "API", "API\API.csproj", "{61569EB6-2854-4D1F-A054-4BC9EC5E2561}"
EndProject
Project("{FAE04EC0-301F-11D3-BF4B-00C04F79EFBC}") = "Core", "Core\Core.csproj", "{307F67F3-6236-4795-A029-FE4DD02275C1}"
EndProject
Project("{FAE04EC0-301F-11D3-BF4B-00C04F79EFBC}") = "Infrastructure", "Infrastructure\Infrastructure.csproj", "{C18791B0-7162-4791-976C-0A39469E71C8}"
EndProject
Global
	GlobalSection(SolutionConfigurationPlatforms) = preSolution
		Debug|Any CPU = Debug|Any CPU
		Debug|x64 = Debug|x64
		Debug|x86 = Debug|x86
		Release|Any CPU = Release|Any CPU
		Release|x64 = Release|x64
		Release|x86 = Release|x86
	EndGlobalSection
	GlobalSection(SolutionProperties) = preSolution
		HideSolutionNode = FALSE
	EndGlobalSection
	GlobalSection(ProjectConfigurationPlatforms) = postSolution
		{61569EB6-2854-4D1F-A054-4BC9EC5E2561}.Debug|Any CPU.ActiveCfg = Debug|Any CPU
		{61569EB6-2854-4D1F-A054-4BC9EC5E2561}.Debug|Any CPU.Build.0 = Debug|Any CPU
		{61569EB6-2854-4D1F-A054-4BC9EC5E2561}.Debug|x64.ActiveCfg = Debug|Any CPU
		{61569EB6-2854-4D1F-A054-4BC9EC5E2561}.Debug|x64.Build.0 = Debug|Any CPU
		{61569EB6-2854-4D1F-A054-4BC9EC5E2561}.Debug|x86.ActiveCfg = Debug|Any CPU
		{61569EB6-2854-4D1F-A054-4BC9EC5E2561}.Debug|x86.Build.0 = Debug|Any CPU
		{61569EB6-2854-4D1F-A054-4BC9EC5E2561}.Release|Any CPU.ActiveCfg = Release|Any CPU
		{61569EB6-2854-4D1F-A054-4BC9EC5E2561}.Release|Any CPU.Build.0 = Release|Any CPU
		{61569EB6-2854-4D1F-A054-4BC9EC5E2561}.Release|x64.ActiveCfg = Release|Any CPU
		{61569EB6-2854-4D1F-A054-4BC9EC5E2561}.Release|x64.Build.0 = Release|Any CPU
		{61569EB6-2854-4D1F-A054-4BC9EC5E2561}.Release|x86.ActiveCfg = Release|Any CPU
		{61569EB6-2854-4D1F-A054-4BC9EC5E2561}.Release|x86.Build.0 = Release|Any CPU
		{307F67F3-6236-4795-A029-FE4DD02275C1}.Debug|Any CPU.ActiveCfg = Debug|Any CPU
		{307F67F3-6236-4795-A029-FE4DD02275C1}.Debug|Any CPU.Build.0 = Debug|Any CPU
		{307F67F3-6236-4795-A029-FE4DD02275C1}.Debug|x64.ActiveCfg = Debug|Any CPU
		{307F67F3-6236-4795-A029-FE4DD02275C1}.Debug|x64.Build.0 = Debug|Any CPU
		{307F67F3-6236-4795-A029-FE4DD02275C1}.Debug|x86.ActiveCfg = Debug|Any CPU
		{307F67F3-6236-4795-A029-FE4DD02275C1}.Debug|x86.Build.0 = Debug|Any CPU
		{307F67F3-6236-4795-A029-FE4DD02275C1}.Release|Any CPU.ActiveCfg = Release|Any CPU
		{307F67F3-6236-4795-A029-FE4DD02275C1}.Release|Any CPU.Build.0 = Release|Any CPU
		{307F67F3-6236-4795-A029-FE4DD02275C1}.Release|x64.ActiveCfg = Release|Any CPU
		{307F67F3-6236-4795-A029-FE4DD02275C1}.Release|x64.Build.0 = Release|Any CPU
		{307F67F3-6236-4795-A029-FE4DD02275C1}.Release|x86.ActiveCfg = Release|Any CPU
		{307F67F3-6236-4795-A029-FE4DD02275C1}.Release|x86.Build.0 = Release|Any CPU
		{C18791B0-7162-4791-976C-0A39469E71C8}.Debug|Any CPU.ActiveCfg = Debug|Any CPU
		{C18791B0-7162-4791-976C-0A39469E71C8}.Debug|Any CPU.Build.0 = Debug|Any CPU
		{C18791B0-7162-4791-976C-0A39469E71C8}.Debug|x64.ActiveCfg = Debug|Any CPU
		{C18791B0-7162-4791-976C-0A39469E71C8}.Debug|x64.Build.0 = Debug|Any CPU
		{C18791B0-7162-4791-976C-0A39469E71C8}.Debug|x86.ActiveCfg = Debug|Any CPU
		{C18791B0-7162-4791-976C-0A39469E71C8}.Debug|x86.Build.0 = Debug|Any CPU
		{C18791B0-7162-4791-976C-0A39469E71C8}.Release|Any CPU.ActiveCfg = Release|Any CPU
		{C18791B0-7162-4791-976C-0A39469E71C8}.Release|Any CPU.Build.0 = Release|Any CPU
		{C18791B0-7162-4791-976C-0A39469E71C8}.Release|x64.ActiveCfg = Release|Any CPU
		{C18791B0-7162-4791-976C-0A39469E71C8}.Release|x64.Build.0 = Release|Any CPU
		{C18791B0-7162-4791-976C-0A39469E71C8}.Release|x86.ActiveCfg = Release|Any CPU
		{C18791B0-7162-4791-976C-0A39469E71C8}.Release|x86.Build.0 = Release|Any CPU
	EndGlobalSection
EndGlobal
